
Microsoft Visual Studio Solution File, Format Version 12.00
# Visual Studio 2013
VisualStudioVersion = 12.0.21005.1
MinimumVisualStudioVersion = 10.0.40219.1
Project("{FAE04EC0-301F-11D3-BF4B-00C04F79EFBC}") = "Client", "Client\Client.csproj", "{CDB542AF-063B-4DEC-937D-CECB11C561EE}"
EndProject
Project("{FAE04EC0-301F-11D3-BF4B-00C04F79EFBC}") = "Client.Common", "Client.Common\Client.Common.csproj", "{A8F49761-4D7A-458F-B1B1-4A66C421B3AA}"
EndProject
Project("{FAE04EC0-301F-11D3-BF4B-00C04F79EFBC}") = "Client.Common.Tests", "Client.Common.Tests\Client.Common.Tests.csproj", "{6D7310A4-2932-43BE-8B43-72239E2FE083}"
EndProject
Project("{FAE04EC0-301F-11D3-BF4B-00C04F79EFBC}") = "Client.Tests", "Client.Tests\Client.Tests.csproj", "{EFE94373-380B-483D-8C18-B64254C9BE6A}"
EndProject
Project("{2150E333-8FDC-42A3-9474-1A3956D46DE8}") = ".nuget", ".nuget", "{D9546AF1-76B2-49F0-8BC3-798E283C03AF}"
	ProjectSection(SolutionItems) = preProject
		.nuget\NuGet.Config = .nuget\NuGet.Config
		.nuget\NuGet.exe = .nuget\NuGet.exe
		.nuget\NuGet.targets = .nuget\NuGet.targets
	EndProjectSection
EndProject
Project("{FAE04EC0-301F-11D3-BF4B-00C04F79EFBC}") = "Common", "Common\Common.csproj", "{11D7FB8C-1A2C-4D5B-B129-937D76468A78}"
EndProject
Project("{2150E333-8FDC-42A3-9474-1A3956D46DE8}") = "Tests", "Tests", "{6BDE283A-9F69-4FB4-BD23-EF0392D826B1}"
EndProject
Project("{FAE04EC0-301F-11D3-BF4B-00C04F79EFBC}") = "Common.Mocks", "Common.Mocks\Common.Mocks.csproj", "{A3B01298-4607-4ED2-A361-C5541845174C}"
EndProject
Project("{FAE04EC0-301F-11D3-BF4B-00C04F79EFBC}") = "SubLastFm", "SubLastFm\SubLastFm.csproj", "{4485A175-2491-40DD-A683-9CCF21267C45}"
EndProject
Project("{FAE04EC0-301F-11D3-BF4B-00C04F79EFBC}") = "SubLastFmTests", "SubLastFmTests\SubLastFmTests.csproj", "{2731191A-1BA0-4CF1-857D-F72A3A02F145}"
EndProject
Project("{FAE04EC0-301F-11D3-BF4B-00C04F79EFBC}") = "SubEchoNest", "SubEchoNest\SubEchoNest.csproj", "{431F874C-EDE9-4255-906B-1B3D4D460AD3}"
EndProject
Project("{FAE04EC0-301F-11D3-BF4B-00C04F79EFBC}") = "SubEchoNestTests", "SubEchoNestTests\SubEchoNestTests.csproj", "{CC42252A-2D1C-4887-B8AA-CEF5FC579C6B}"
EndProject
Global
	GlobalSection(SolutionConfigurationPlatforms) = preSolution
		Debug|Any CPU = Debug|Any CPU
		Debug|ARM = Debug|ARM
		Debug|x64 = Debug|x64
		Debug|x86 = Debug|x86
		Release|Any CPU = Release|Any CPU
		Release|ARM = Release|ARM
		Release|x64 = Release|x64
		Release|x86 = Release|x86
	EndGlobalSection
	GlobalSection(ProjectConfigurationPlatforms) = postSolution
		{CDB542AF-063B-4DEC-937D-CECB11C561EE}.Debug|Any CPU.ActiveCfg = Debug|Any CPU
		{CDB542AF-063B-4DEC-937D-CECB11C561EE}.Debug|Any CPU.Build.0 = Debug|Any CPU
		{CDB542AF-063B-4DEC-937D-CECB11C561EE}.Debug|Any CPU.Deploy.0 = Debug|Any CPU
		{CDB542AF-063B-4DEC-937D-CECB11C561EE}.Debug|ARM.ActiveCfg = Debug|ARM
		{CDB542AF-063B-4DEC-937D-CECB11C561EE}.Debug|ARM.Build.0 = Debug|ARM
		{CDB542AF-063B-4DEC-937D-CECB11C561EE}.Debug|ARM.Deploy.0 = Debug|ARM
		{CDB542AF-063B-4DEC-937D-CECB11C561EE}.Debug|x64.ActiveCfg = Debug|x64
		{CDB542AF-063B-4DEC-937D-CECB11C561EE}.Debug|x64.Build.0 = Debug|x64
		{CDB542AF-063B-4DEC-937D-CECB11C561EE}.Debug|x64.Deploy.0 = Debug|x64
		{CDB542AF-063B-4DEC-937D-CECB11C561EE}.Debug|x86.ActiveCfg = Debug|x86
		{CDB542AF-063B-4DEC-937D-CECB11C561EE}.Debug|x86.Build.0 = Debug|x86
		{CDB542AF-063B-4DEC-937D-CECB11C561EE}.Debug|x86.Deploy.0 = Debug|x86
		{CDB542AF-063B-4DEC-937D-CECB11C561EE}.Release|Any CPU.ActiveCfg = Release|Any CPU
		{CDB542AF-063B-4DEC-937D-CECB11C561EE}.Release|Any CPU.Build.0 = Release|Any CPU
		{CDB542AF-063B-4DEC-937D-CECB11C561EE}.Release|Any CPU.Deploy.0 = Release|Any CPU
		{CDB542AF-063B-4DEC-937D-CECB11C561EE}.Release|ARM.ActiveCfg = Release|ARM
		{CDB542AF-063B-4DEC-937D-CECB11C561EE}.Release|ARM.Build.0 = Release|ARM
		{CDB542AF-063B-4DEC-937D-CECB11C561EE}.Release|ARM.Deploy.0 = Release|ARM
		{CDB542AF-063B-4DEC-937D-CECB11C561EE}.Release|x64.ActiveCfg = Release|x64
		{CDB542AF-063B-4DEC-937D-CECB11C561EE}.Release|x64.Build.0 = Release|x64
		{CDB542AF-063B-4DEC-937D-CECB11C561EE}.Release|x64.Deploy.0 = Release|x64
		{CDB542AF-063B-4DEC-937D-CECB11C561EE}.Release|x86.ActiveCfg = Release|x86
		{CDB542AF-063B-4DEC-937D-CECB11C561EE}.Release|x86.Build.0 = Release|x86
		{CDB542AF-063B-4DEC-937D-CECB11C561EE}.Release|x86.Deploy.0 = Release|x86
		{A8F49761-4D7A-458F-B1B1-4A66C421B3AA}.Debug|Any CPU.ActiveCfg = Debug|Any CPU
		{A8F49761-4D7A-458F-B1B1-4A66C421B3AA}.Debug|Any CPU.Build.0 = Debug|Any CPU
		{A8F49761-4D7A-458F-B1B1-4A66C421B3AA}.Debug|ARM.ActiveCfg = Debug|ARM
		{A8F49761-4D7A-458F-B1B1-4A66C421B3AA}.Debug|ARM.Build.0 = Debug|ARM
		{A8F49761-4D7A-458F-B1B1-4A66C421B3AA}.Debug|x64.ActiveCfg = Debug|x64
		{A8F49761-4D7A-458F-B1B1-4A66C421B3AA}.Debug|x64.Build.0 = Debug|x64
		{A8F49761-4D7A-458F-B1B1-4A66C421B3AA}.Debug|x86.ActiveCfg = Debug|x86
		{A8F49761-4D7A-458F-B1B1-4A66C421B3AA}.Debug|x86.Build.0 = Debug|x86
		{A8F49761-4D7A-458F-B1B1-4A66C421B3AA}.Release|Any CPU.ActiveCfg = Release|Any CPU
		{A8F49761-4D7A-458F-B1B1-4A66C421B3AA}.Release|Any CPU.Build.0 = Release|Any CPU
		{A8F49761-4D7A-458F-B1B1-4A66C421B3AA}.Release|ARM.ActiveCfg = Release|ARM
		{A8F49761-4D7A-458F-B1B1-4A66C421B3AA}.Release|ARM.Build.0 = Release|ARM
		{A8F49761-4D7A-458F-B1B1-4A66C421B3AA}.Release|x64.ActiveCfg = Release|x64
		{A8F49761-4D7A-458F-B1B1-4A66C421B3AA}.Release|x64.Build.0 = Release|x64
		{A8F49761-4D7A-458F-B1B1-4A66C421B3AA}.Release|x86.ActiveCfg = Release|x86
		{A8F49761-4D7A-458F-B1B1-4A66C421B3AA}.Release|x86.Build.0 = Release|x86
		{6D7310A4-2932-43BE-8B43-72239E2FE083}.Debug|Any CPU.ActiveCfg = Debug|Any CPU
		{6D7310A4-2932-43BE-8B43-72239E2FE083}.Debug|Any CPU.Build.0 = Debug|Any CPU
		{6D7310A4-2932-43BE-8B43-72239E2FE083}.Debug|Any CPU.Deploy.0 = Debug|Any CPU
		{6D7310A4-2932-43BE-8B43-72239E2FE083}.Debug|ARM.ActiveCfg = Debug|ARM
		{6D7310A4-2932-43BE-8B43-72239E2FE083}.Debug|ARM.Build.0 = Debug|ARM
		{6D7310A4-2932-43BE-8B43-72239E2FE083}.Debug|ARM.Deploy.0 = Debug|ARM
		{6D7310A4-2932-43BE-8B43-72239E2FE083}.Debug|x64.ActiveCfg = Debug|x64
		{6D7310A4-2932-43BE-8B43-72239E2FE083}.Debug|x64.Build.0 = Debug|x64
		{6D7310A4-2932-43BE-8B43-72239E2FE083}.Debug|x64.Deploy.0 = Debug|x64
		{6D7310A4-2932-43BE-8B43-72239E2FE083}.Debug|x86.ActiveCfg = Debug|x86
		{6D7310A4-2932-43BE-8B43-72239E2FE083}.Debug|x86.Build.0 = Debug|x86
		{6D7310A4-2932-43BE-8B43-72239E2FE083}.Debug|x86.Deploy.0 = Debug|x86
		{6D7310A4-2932-43BE-8B43-72239E2FE083}.Release|Any CPU.ActiveCfg = Release|Any CPU
		{6D7310A4-2932-43BE-8B43-72239E2FE083}.Release|Any CPU.Build.0 = Release|Any CPU
		{6D7310A4-2932-43BE-8B43-72239E2FE083}.Release|Any CPU.Deploy.0 = Release|Any CPU
		{6D7310A4-2932-43BE-8B43-72239E2FE083}.Release|ARM.ActiveCfg = Release|ARM
		{6D7310A4-2932-43BE-8B43-72239E2FE083}.Release|ARM.Build.0 = Release|ARM
		{6D7310A4-2932-43BE-8B43-72239E2FE083}.Release|ARM.Deploy.0 = Release|ARM
		{6D7310A4-2932-43BE-8B43-72239E2FE083}.Release|x64.ActiveCfg = Release|x64
		{6D7310A4-2932-43BE-8B43-72239E2FE083}.Release|x64.Build.0 = Release|x64
		{6D7310A4-2932-43BE-8B43-72239E2FE083}.Release|x64.Deploy.0 = Release|x64
		{6D7310A4-2932-43BE-8B43-72239E2FE083}.Release|x86.ActiveCfg = Release|x86
		{6D7310A4-2932-43BE-8B43-72239E2FE083}.Release|x86.Build.0 = Release|x86
		{6D7310A4-2932-43BE-8B43-72239E2FE083}.Release|x86.Deploy.0 = Release|x86
		{EFE94373-380B-483D-8C18-B64254C9BE6A}.Debug|Any CPU.ActiveCfg = Debug|Any CPU
		{EFE94373-380B-483D-8C18-B64254C9BE6A}.Debug|Any CPU.Build.0 = Debug|Any CPU
		{EFE94373-380B-483D-8C18-B64254C9BE6A}.Debug|Any CPU.Deploy.0 = Debug|Any CPU
		{EFE94373-380B-483D-8C18-B64254C9BE6A}.Debug|ARM.ActiveCfg = Debug|ARM
		{EFE94373-380B-483D-8C18-B64254C9BE6A}.Debug|ARM.Build.0 = Debug|ARM
		{EFE94373-380B-483D-8C18-B64254C9BE6A}.Debug|ARM.Deploy.0 = Debug|ARM
		{EFE94373-380B-483D-8C18-B64254C9BE6A}.Debug|x64.ActiveCfg = Debug|x64
		{EFE94373-380B-483D-8C18-B64254C9BE6A}.Debug|x64.Build.0 = Debug|x64
		{EFE94373-380B-483D-8C18-B64254C9BE6A}.Debug|x64.Deploy.0 = Debug|x64
		{EFE94373-380B-483D-8C18-B64254C9BE6A}.Debug|x86.ActiveCfg = Debug|x86
		{EFE94373-380B-483D-8C18-B64254C9BE6A}.Debug|x86.Build.0 = Debug|x86
		{EFE94373-380B-483D-8C18-B64254C9BE6A}.Debug|x86.Deploy.0 = Debug|x86
		{EFE94373-380B-483D-8C18-B64254C9BE6A}.Release|Any CPU.ActiveCfg = Release|Any CPU
		{EFE94373-380B-483D-8C18-B64254C9BE6A}.Release|Any CPU.Build.0 = Release|Any CPU
		{EFE94373-380B-483D-8C18-B64254C9BE6A}.Release|Any CPU.Deploy.0 = Release|Any CPU
		{EFE94373-380B-483D-8C18-B64254C9BE6A}.Release|ARM.ActiveCfg = Release|ARM
		{EFE94373-380B-483D-8C18-B64254C9BE6A}.Release|ARM.Build.0 = Release|ARM
		{EFE94373-380B-483D-8C18-B64254C9BE6A}.Release|ARM.Deploy.0 = Release|ARM
		{EFE94373-380B-483D-8C18-B64254C9BE6A}.Release|x64.ActiveCfg = Release|x64
		{EFE94373-380B-483D-8C18-B64254C9BE6A}.Release|x64.Build.0 = Release|x64
		{EFE94373-380B-483D-8C18-B64254C9BE6A}.Release|x64.Deploy.0 = Release|x64
		{EFE94373-380B-483D-8C18-B64254C9BE6A}.Release|x86.ActiveCfg = Release|x86
		{EFE94373-380B-483D-8C18-B64254C9BE6A}.Release|x86.Build.0 = Release|x86
		{EFE94373-380B-483D-8C18-B64254C9BE6A}.Release|x86.Deploy.0 = Release|x86
		{11D7FB8C-1A2C-4D5B-B129-937D76468A78}.Debug|Any CPU.ActiveCfg = Debug|Any CPU
		{11D7FB8C-1A2C-4D5B-B129-937D76468A78}.Debug|Any CPU.Build.0 = Debug|Any CPU
		{11D7FB8C-1A2C-4D5B-B129-937D76468A78}.Debug|ARM.ActiveCfg = Debug|ARM
		{11D7FB8C-1A2C-4D5B-B129-937D76468A78}.Debug|ARM.Build.0 = Debug|ARM
		{11D7FB8C-1A2C-4D5B-B129-937D76468A78}.Debug|x64.ActiveCfg = Debug|x64
		{11D7FB8C-1A2C-4D5B-B129-937D76468A78}.Debug|x64.Build.0 = Debug|x64
		{11D7FB8C-1A2C-4D5B-B129-937D76468A78}.Debug|x86.ActiveCfg = Debug|x86
		{11D7FB8C-1A2C-4D5B-B129-937D76468A78}.Debug|x86.Build.0 = Debug|x86
		{11D7FB8C-1A2C-4D5B-B129-937D76468A78}.Release|Any CPU.ActiveCfg = Release|Any CPU
		{11D7FB8C-1A2C-4D5B-B129-937D76468A78}.Release|Any CPU.Build.0 = Release|Any CPU
		{11D7FB8C-1A2C-4D5B-B129-937D76468A78}.Release|ARM.ActiveCfg = Release|ARM
		{11D7FB8C-1A2C-4D5B-B129-937D76468A78}.Release|ARM.Build.0 = Release|ARM
		{11D7FB8C-1A2C-4D5B-B129-937D76468A78}.Release|x64.ActiveCfg = Release|x64
		{11D7FB8C-1A2C-4D5B-B129-937D76468A78}.Release|x64.Build.0 = Release|x64
		{11D7FB8C-1A2C-4D5B-B129-937D76468A78}.Release|x86.ActiveCfg = Release|x86
		{11D7FB8C-1A2C-4D5B-B129-937D76468A78}.Release|x86.Build.0 = Release|x86
		{A3B01298-4607-4ED2-A361-C5541845174C}.Debug|Any CPU.ActiveCfg = Debug|Any CPU
		{A3B01298-4607-4ED2-A361-C5541845174C}.Debug|Any CPU.Build.0 = Debug|Any CPU
		{A3B01298-4607-4ED2-A361-C5541845174C}.Debug|Any CPU.Deploy.0 = Debug|Any CPU
		{A3B01298-4607-4ED2-A361-C5541845174C}.Debug|ARM.ActiveCfg = Debug|ARM
		{A3B01298-4607-4ED2-A361-C5541845174C}.Debug|ARM.Build.0 = Debug|ARM
		{A3B01298-4607-4ED2-A361-C5541845174C}.Debug|ARM.Deploy.0 = Debug|ARM
		{A3B01298-4607-4ED2-A361-C5541845174C}.Debug|x64.ActiveCfg = Debug|x64
		{A3B01298-4607-4ED2-A361-C5541845174C}.Debug|x64.Build.0 = Debug|x64
		{A3B01298-4607-4ED2-A361-C5541845174C}.Debug|x64.Deploy.0 = Debug|x64
		{A3B01298-4607-4ED2-A361-C5541845174C}.Debug|x86.ActiveCfg = Debug|x86
		{A3B01298-4607-4ED2-A361-C5541845174C}.Debug|x86.Build.0 = Debug|x86
		{A3B01298-4607-4ED2-A361-C5541845174C}.Debug|x86.Deploy.0 = Debug|x86
		{A3B01298-4607-4ED2-A361-C5541845174C}.Release|Any CPU.ActiveCfg = Release|Any CPU
		{A3B01298-4607-4ED2-A361-C5541845174C}.Release|Any CPU.Build.0 = Release|Any CPU
		{A3B01298-4607-4ED2-A361-C5541845174C}.Release|Any CPU.Deploy.0 = Release|Any CPU
		{A3B01298-4607-4ED2-A361-C5541845174C}.Release|ARM.ActiveCfg = Release|ARM
		{A3B01298-4607-4ED2-A361-C5541845174C}.Release|ARM.Build.0 = Release|ARM
		{A3B01298-4607-4ED2-A361-C5541845174C}.Release|ARM.Deploy.0 = Release|ARM
		{A3B01298-4607-4ED2-A361-C5541845174C}.Release|x64.ActiveCfg = Release|x64
		{A3B01298-4607-4ED2-A361-C5541845174C}.Release|x64.Build.0 = Release|x64
		{A3B01298-4607-4ED2-A361-C5541845174C}.Release|x64.Deploy.0 = Release|x64
		{A3B01298-4607-4ED2-A361-C5541845174C}.Release|x86.ActiveCfg = Release|x86
		{A3B01298-4607-4ED2-A361-C5541845174C}.Release|x86.Build.0 = Release|x86
		{A3B01298-4607-4ED2-A361-C5541845174C}.Release|x86.Deploy.0 = Release|x86
		{4485A175-2491-40DD-A683-9CCF21267C45}.Debug|Any CPU.ActiveCfg = Debug|Any CPU
		{4485A175-2491-40DD-A683-9CCF21267C45}.Debug|Any CPU.Build.0 = Debug|Any CPU
		{4485A175-2491-40DD-A683-9CCF21267C45}.Debug|ARM.ActiveCfg = Debug|ARM
		{4485A175-2491-40DD-A683-9CCF21267C45}.Debug|ARM.Build.0 = Debug|ARM
		{4485A175-2491-40DD-A683-9CCF21267C45}.Debug|x64.ActiveCfg = Debug|x64
		{4485A175-2491-40DD-A683-9CCF21267C45}.Debug|x64.Build.0 = Debug|x64
		{4485A175-2491-40DD-A683-9CCF21267C45}.Debug|x86.ActiveCfg = Debug|x86
		{4485A175-2491-40DD-A683-9CCF21267C45}.Debug|x86.Build.0 = Debug|x86
		{4485A175-2491-40DD-A683-9CCF21267C45}.Release|Any CPU.ActiveCfg = Release|Any CPU
		{4485A175-2491-40DD-A683-9CCF21267C45}.Release|Any CPU.Build.0 = Release|Any CPU
		{4485A175-2491-40DD-A683-9CCF21267C45}.Release|ARM.ActiveCfg = Release|ARM
		{4485A175-2491-40DD-A683-9CCF21267C45}.Release|ARM.Build.0 = Release|ARM
		{4485A175-2491-40DD-A683-9CCF21267C45}.Release|x64.ActiveCfg = Release|x64
		{4485A175-2491-40DD-A683-9CCF21267C45}.Release|x64.Build.0 = Release|x64
		{4485A175-2491-40DD-A683-9CCF21267C45}.Release|x86.ActiveCfg = Release|x86
		{4485A175-2491-40DD-A683-9CCF21267C45}.Release|x86.Build.0 = Release|x86
		{2731191A-1BA0-4CF1-857D-F72A3A02F145}.Debug|Any CPU.ActiveCfg = Debug|Any CPU
		{2731191A-1BA0-4CF1-857D-F72A3A02F145}.Debug|Any CPU.Build.0 = Debug|Any CPU
		{2731191A-1BA0-4CF1-857D-F72A3A02F145}.Debug|Any CPU.Deploy.0 = Debug|Any CPU
		{2731191A-1BA0-4CF1-857D-F72A3A02F145}.Debug|ARM.ActiveCfg = Debug|ARM
		{2731191A-1BA0-4CF1-857D-F72A3A02F145}.Debug|ARM.Build.0 = Debug|ARM
		{2731191A-1BA0-4CF1-857D-F72A3A02F145}.Debug|ARM.Deploy.0 = Debug|ARM
		{2731191A-1BA0-4CF1-857D-F72A3A02F145}.Debug|x64.ActiveCfg = Debug|x64
		{2731191A-1BA0-4CF1-857D-F72A3A02F145}.Debug|x64.Build.0 = Debug|x64
		{2731191A-1BA0-4CF1-857D-F72A3A02F145}.Debug|x64.Deploy.0 = Debug|x64
		{2731191A-1BA0-4CF1-857D-F72A3A02F145}.Debug|x86.ActiveCfg = Debug|x86
		{2731191A-1BA0-4CF1-857D-F72A3A02F145}.Debug|x86.Build.0 = Debug|x86
		{2731191A-1BA0-4CF1-857D-F72A3A02F145}.Debug|x86.Deploy.0 = Debug|x86
		{2731191A-1BA0-4CF1-857D-F72A3A02F145}.Release|Any CPU.ActiveCfg = Release|Any CPU
		{2731191A-1BA0-4CF1-857D-F72A3A02F145}.Release|Any CPU.Build.0 = Release|Any CPU
		{2731191A-1BA0-4CF1-857D-F72A3A02F145}.Release|Any CPU.Deploy.0 = Release|Any CPU
		{2731191A-1BA0-4CF1-857D-F72A3A02F145}.Release|ARM.ActiveCfg = Release|ARM
		{2731191A-1BA0-4CF1-857D-F72A3A02F145}.Release|ARM.Build.0 = Release|ARM
		{2731191A-1BA0-4CF1-857D-F72A3A02F145}.Release|ARM.Deploy.0 = Release|ARM
		{2731191A-1BA0-4CF1-857D-F72A3A02F145}.Release|x64.ActiveCfg = Release|x64
		{2731191A-1BA0-4CF1-857D-F72A3A02F145}.Release|x64.Build.0 = Release|x64
		{2731191A-1BA0-4CF1-857D-F72A3A02F145}.Release|x64.Deploy.0 = Release|x64
		{2731191A-1BA0-4CF1-857D-F72A3A02F145}.Release|x86.ActiveCfg = Release|x86
		{2731191A-1BA0-4CF1-857D-F72A3A02F145}.Release|x86.Build.0 = Release|x86
		{2731191A-1BA0-4CF1-857D-F72A3A02F145}.Release|x86.Deploy.0 = Release|x86
		{431F874C-EDE9-4255-906B-1B3D4D460AD3}.Debug|Any CPU.ActiveCfg = Debug|Any CPU
		{431F874C-EDE9-4255-906B-1B3D4D460AD3}.Debug|Any CPU.Build.0 = Debug|Any CPU
		{431F874C-EDE9-4255-906B-1B3D4D460AD3}.Debug|ARM.ActiveCfg = Debug|ARM
		{431F874C-EDE9-4255-906B-1B3D4D460AD3}.Debug|ARM.Build.0 = Debug|ARM
		{431F874C-EDE9-4255-906B-1B3D4D460AD3}.Debug|x64.ActiveCfg = Debug|x64
		{431F874C-EDE9-4255-906B-1B3D4D460AD3}.Debug|x64.Build.0 = Debug|x64
		{431F874C-EDE9-4255-906B-1B3D4D460AD3}.Debug|x86.ActiveCfg = Debug|x86
		{431F874C-EDE9-4255-906B-1B3D4D460AD3}.Debug|x86.Build.0 = Debug|x86
		{431F874C-EDE9-4255-906B-1B3D4D460AD3}.Release|Any CPU.ActiveCfg = Release|Any CPU
		{431F874C-EDE9-4255-906B-1B3D4D460AD3}.Release|Any CPU.Build.0 = Release|Any CPU
		{431F874C-EDE9-4255-906B-1B3D4D460AD3}.Release|ARM.ActiveCfg = Release|ARM
		{431F874C-EDE9-4255-906B-1B3D4D460AD3}.Release|ARM.Build.0 = Release|ARM
		{431F874C-EDE9-4255-906B-1B3D4D460AD3}.Release|x64.ActiveCfg = Release|x64
		{431F874C-EDE9-4255-906B-1B3D4D460AD3}.Release|x64.Build.0 = Release|x64
		{431F874C-EDE9-4255-906B-1B3D4D460AD3}.Release|x86.ActiveCfg = Release|x86
		{431F874C-EDE9-4255-906B-1B3D4D460AD3}.Release|x86.Build.0 = Release|x86
		{CC42252A-2D1C-4887-B8AA-CEF5FC579C6B}.Debug|Any CPU.ActiveCfg = Debug|Any CPU
		{CC42252A-2D1C-4887-B8AA-CEF5FC579C6B}.Debug|Any CPU.Build.0 = Debug|Any CPU
		{CC42252A-2D1C-4887-B8AA-CEF5FC579C6B}.Debug|Any CPU.Deploy.0 = Debug|Any CPU
		{CC42252A-2D1C-4887-B8AA-CEF5FC579C6B}.Debug|ARM.ActiveCfg = Debug|ARM
		{CC42252A-2D1C-4887-B8AA-CEF5FC579C6B}.Debug|ARM.Build.0 = Debug|ARM
		{CC42252A-2D1C-4887-B8AA-CEF5FC579C6B}.Debug|ARM.Deploy.0 = Debug|ARM
		{CC42252A-2D1C-4887-B8AA-CEF5FC579C6B}.Debug|x64.ActiveCfg = Debug|x64
		{CC42252A-2D1C-4887-B8AA-CEF5FC579C6B}.Debug|x64.Build.0 = Debug|x64
		{CC42252A-2D1C-4887-B8AA-CEF5FC579C6B}.Debug|x64.Deploy.0 = Debug|x64
		{CC42252A-2D1C-4887-B8AA-CEF5FC579C6B}.Debug|x86.ActiveCfg = Debug|x86
		{CC42252A-2D1C-4887-B8AA-CEF5FC579C6B}.Debug|x86.Build.0 = Debug|x86
		{CC42252A-2D1C-4887-B8AA-CEF5FC579C6B}.Debug|x86.Deploy.0 = Debug|x86
		{CC42252A-2D1C-4887-B8AA-CEF5FC579C6B}.Release|Any CPU.ActiveCfg = Release|Any CPU
		{CC42252A-2D1C-4887-B8AA-CEF5FC579C6B}.Release|Any CPU.Build.0 = Release|Any CPU
		{CC42252A-2D1C-4887-B8AA-CEF5FC579C6B}.Release|Any CPU.Deploy.0 = Release|Any CPU
		{CC42252A-2D1C-4887-B8AA-CEF5FC579C6B}.Release|ARM.ActiveCfg = Release|ARM
		{CC42252A-2D1C-4887-B8AA-CEF5FC579C6B}.Release|ARM.Build.0 = Release|ARM
		{CC42252A-2D1C-4887-B8AA-CEF5FC579C6B}.Release|ARM.Deploy.0 = Release|ARM
		{CC42252A-2D1C-4887-B8AA-CEF5FC579C6B}.Release|x64.ActiveCfg = Release|x64
		{CC42252A-2D1C-4887-B8AA-CEF5FC579C6B}.Release|x64.Build.0 = Release|x64
		{CC42252A-2D1C-4887-B8AA-CEF5FC579C6B}.Release|x64.Deploy.0 = Release|x64
		{CC42252A-2D1C-4887-B8AA-CEF5FC579C6B}.Release|x86.ActiveCfg = Release|x86
		{CC42252A-2D1C-4887-B8AA-CEF5FC579C6B}.Release|x86.Build.0 = Release|x86
		{CC42252A-2D1C-4887-B8AA-CEF5FC579C6B}.Release|x86.Deploy.0 = Release|x86
	EndGlobalSection
	GlobalSection(SolutionProperties) = preSolution
		HideSolutionNode = FALSE
	EndGlobalSection
	GlobalSection(NestedProjects) = preSolution
		{EFE94373-380B-483D-8C18-B64254C9BE6A} = {6BDE283A-9F69-4FB4-BD23-EF0392D826B1}
		{6D7310A4-2932-43BE-8B43-72239E2FE083} = {6BDE283A-9F69-4FB4-BD23-EF0392D826B1}
		{A3B01298-4607-4ED2-A361-C5541845174C} = {6BDE283A-9F69-4FB4-BD23-EF0392D826B1}
		{2731191A-1BA0-4CF1-857D-F72A3A02F145} = {6BDE283A-9F69-4FB4-BD23-EF0392D826B1}
		{CC42252A-2D1C-4887-B8AA-CEF5FC579C6B} = {6BDE283A-9F69-4FB4-BD23-EF0392D826B1}
	EndGlobalSection
EndGlobal
